
Microsoft Visual Studio Solution File, Format Version 12.00
# Visual Studio Version 17
VisualStudioVersion = 17.13.35931.197 d17.13
MinimumVisualStudioVersion = 10.0.40219.1
Project("{FAE04EC0-301F-11D3-BF4B-00C04F79EFBC}") = "EMMA", "EMMA\EMMA.csproj", "{A54569ED-5D54-4FBB-9C83-968EA32C9644}"
EndProject
Global
	GlobalSection(SolutionConfigurationPlatforms) = preSolution
		Debug|Any CPU = Debug|Any CPU
		Release|Any CPU = Release|Any CPU
	EndGlobalSection
	GlobalSection(ProjectConfigurationPlatforms) = postSolution
		{A54569ED-5D54-4FBB-9C83-968EA32C9644}.Debug|Any CPU.ActiveCfg = Debug|Any CPU
		{A54569ED-5D54-4FBB-9C83-968EA32C9644}.Debug|Any CPU.Build.0 = Debug|Any CPU
		{A54569ED-5D54-4FBB-9C83-968EA32C9644}.Release|Any CPU.ActiveCfg = Release|Any CPU
		{A54569ED-5D54-4FBB-9C83-968EA32C9644}.Release|Any CPU.Build.0 = Release|Any CPU
	EndGlobalSection
	GlobalSection(SolutionProperties) = preSolution
		HideSolutionNode = FALSE
	EndGlobalSection
	GlobalSection(ExtensibilityGlobals) = postSolution
		SolutionGuid = {E6C38360-7310-4795-9813-680819FD49F9}
	EndGlobalSection
EndGlobal
